
Microsoft Visual Studio Solution File, Format Version 12.00
# Visual Studio 2012
Project("{FAE04EC0-301F-11D3-BF4B-00C04F79EFBC}") = "Indexers", "Indexers\Indexers.csproj", "{DC39F831-CF02-4BA6-BA85-E530FDD822FF}"
EndProject
Global
	GlobalSection(SolutionConfigurationPlatforms) = preSolution
		Debug|Any CPU = Debug|Any CPU
		Release|Any CPU = Release|Any CPU
	EndGlobalSection
	GlobalSection(ProjectConfigurationPlatforms) = postSolution
		{DC39F831-CF02-4BA6-BA85-E530FDD822FF}.Debug|Any CPU.ActiveCfg = Debug|Any CPU
		{DC39F831-CF02-4BA6-BA85-E530FDD822FF}.Debug|Any CPU.Build.0 = Debug|Any CPU
		{DC39F831-CF02-4BA6-BA85-E530FDD822FF}.Release|Any CPU.ActiveCfg = Release|Any CPU
		{DC39F831-CF02-4BA6-BA85-E530FDD822FF}.Release|Any CPU.Build.0 = Release|Any CPU
	EndGlobalSection
EndGlobal
